
Microsoft Visual Studio Solution File, Format Version 12.00
# Visual Studio Version 17
VisualStudioVersion = 17.10.35004.147
MinimumVisualStudioVersion = 10.0.40219.1
Project("{FAE04EC0-301F-11D3-BF4B-00C04F79EFBC}") = "lojaCliente", "lojaCliente\lojaCliente.csproj", "{5D755A57-E839-4A63-AB02-88E9F054F6C5}"
EndProject
Global
	GlobalSection(SolutionConfigurationPlatforms) = preSolution
		Debug|Any CPU = Debug|Any CPU
		Release|Any CPU = Release|Any CPU
	EndGlobalSection
	GlobalSection(ProjectConfigurationPlatforms) = postSolution
		{5D755A57-E839-4A63-AB02-88E9F054F6C5}.Debug|Any CPU.ActiveCfg = Debug|Any CPU
		{5D755A57-E839-4A63-AB02-88E9F054F6C5}.Debug|Any CPU.Build.0 = Debug|Any CPU
		{5D755A57-E839-4A63-AB02-88E9F054F6C5}.Release|Any CPU.ActiveCfg = Release|Any CPU
		{5D755A57-E839-4A63-AB02-88E9F054F6C5}.Release|Any CPU.Build.0 = Release|Any CPU
	EndGlobalSection
	GlobalSection(SolutionProperties) = preSolution
		HideSolutionNode = FALSE
	EndGlobalSection
	GlobalSection(ExtensibilityGlobals) = postSolution
		SolutionGuid = {D7F55A1E-49E5-4003-BDAE-B38C73F6EC0C}
	EndGlobalSection
EndGlobal
